# This file is generated by running "yarn install" inside your project.
# Manual changes might be lost - proceed with caution!

__metadata:
  version: 8
  cacheKey: 10c0

"@esbuild/aix-ppc64@npm:0.27.4":
  version: 0.27.4
  resolution: "@esbuild/aix-ppc64@npm:0.27.4"
  conditions: os=aix & cpu=ppc64
  languageName: node
  linkType: hard

"@esbuild/android-arm64@npm:0.27.4":
  version: 0.27.4
  resolution: "@esbuild/android-arm64@npm:0.27.4"
  conditions: os=android & cpu=arm64
  languageName: node
  linkType: hard

"@esbuild/android-arm@npm:0.27.4":
  version: 0.27.4
  resolution: "@esbuild/android-arm@npm:0.27.4"
  conditions: os=android & cpu=arm
  languageName: node
  linkType: hard

"@esbuild/android-x64@npm:0.27.4":
  version: 0.27.4
  resolution: "@esbuild/android-x64@npm:0.27.4"
  conditions: os=android & cpu=x64
  languageName: node
  linkType: hard

"@esbuild/darwin-arm64@npm:0.27.4":
  version: 0.27.4
  resolution: "@esbuild/darwin-arm64@npm:0.27.4"
  conditions: os=darwin & cpu=arm64
  languageName: node
  linkType: hard

"@esbuild/darwin-x64@npm:0.27.4":
  version: 0.27.4
  resolution: "@esbuild/darwin-x64@npm:0.27.4"
  conditions: os=darwin & cpu=x64
  languageName: node
  linkType: hard

"@esbuild/freebsd-arm64@npm:0.27.4":
  version: 0.27.4
  resolution: "@esbuild/freebsd-arm64@npm:0.27.4"
  conditions: os=freebsd & cpu=arm64
  languageName: node
  linkType: hard

"@esbuild/freebsd-x64@npm:0.27.4":
  version: 0.27.4
  resolution: "@esbuild/freebsd-x64@npm:0.27.4"
  conditions: os=freebsd & cpu=x64
  languageName: node
  linkType: hard

"@esbuild/linux-arm64@npm:0.27.4":
  version: 0.27.4
  resolution: "@esbuild/linux-arm64@npm:0.27.4"
  conditions: os=linux & cpu=arm64
  languageName: node
  linkType: hard

"@esbuild/linux-arm@npm:0.27.4":
  version: 0.27.4
  resolution: "@esbuild/linux-arm@npm:0.27.4"
  conditions: os=linux & cpu=arm
  languageName: node
  linkType: hard

"@esbuild/linux-ia32@npm:0.27.4":
  version: 0.27.4
  resolution: "@esbuild/linux-ia32@npm:0.27.4"
  conditions: os=linux & cpu=ia32
  languageName: node
  linkType: hard

"@esbuild/linux-loong64@npm:0.27.4":
  version: 0.27.4
  resolution: "@esbuild/linux-loong64@npm:0.27.4"
  conditions: os=linux & cpu=loong64
  languageName: node
  linkType: hard

"@esbuild/linux-mips64el@npm:0.27.4":
  version: 0.27.4
  resolution: "@esbuild/linux-mips64el@npm:0.27.4"
  conditions: os=linux & cpu=mips64el
  languageName: node
  linkType: hard

"@esbuild/linux-ppc64@npm:0.27.4":
  version: 0.27.4
  resolution: "@esbuild/linux-ppc64@npm:0.27.4"
  conditions: os=linux & cpu=ppc64
  languageName: node
  linkType: hard

"@esbuild/linux-riscv64@npm:0.27.4":
  version: 0.27.4
  resolution: "@esbuild/linux-riscv64@npm:0.27.4"
  conditions: os=linux & cpu=riscv64
  languageName: node
  linkType: hard

"@esbuild/linux-s390x@npm:0.27.4":
  version: 0.27.4
  resolution: "@esbuild/linux-s390x@npm:0.27.4"
  conditions: os=linux & cpu=s390x
  languageName: node
  linkType: hard

"@esbuild/linux-x64@npm:0.27.4":
  version: 0.27.4
  resolution: "@esbuild/linux-x64@npm:0.27.4"
  conditions: os=linux & cpu=x64
  languageName: node
  linkType: hard

"@esbuild/netbsd-arm64@npm:0.27.4":
  version: 0.27.4
  resolution: "@esbuild/netbsd-arm64@npm:0.27.4"
  conditions: os=netbsd & cpu=arm64
  languageName: node
  linkType: hard

"@esbuild/netbsd-x64@npm:0.27.4":
  version: 0.27.4
  resolution: "@esbuild/netbsd-x64@npm:0.27.4"
  conditions: os=netbsd & cpu=x64
  languageName: node
  linkType: hard

"@esbuild/openbsd-arm64@npm:0.27.4":
  version: 0.27.4
  resolution: "@esbuild/openbsd-arm64@npm:0.27.4"
  conditions: os=openbsd & cpu=arm64
  languageName: node
  linkType: hard

"@esbuild/openbsd-x64@npm:0.27.4":
  version: 0.27.4
  resolution: "@esbuild/openbsd-x64@npm:0.27.4"
  conditions: os=openbsd & cpu=x64
  languageName: node
  linkType: hard

"@esbuild/openharmony-arm64@npm:0.27.4":
  version: 0.27.4
  resolution: "@esbuild/openharmony-arm64@npm:0.27.4"
  conditions: os=openharmony & cpu=arm64
  languageName: node
  linkType: hard

"@esbuild/sunos-x64@npm:0.27.4":
  version: 0.27.4
  resolution: "@esbuild/sunos-x64@npm:0.27.4"
  conditions: os=sunos & cpu=x64
  languageName: node
  linkType: hard

"@esbuild/win32-arm64@npm:0.27.4":
  version: 0.27.4
  resolution: "@esbuild/win32-arm64@npm:0.27.4"
  conditions: os=win32 & cpu=arm64
  languageName: node
  linkType: hard

"@esbuild/win32-ia32@npm:0.27.4":
  version: 0.27.4
  resolution: "@esbuild/win32-ia32@npm:0.27.4"
  conditions: os=win32 & cpu=ia32
  languageName: node
  linkType: hard

"@esbuild/win32-x64@npm:0.27.4":
  version: 0.27.4
  resolution: "@esbuild/win32-x64@npm:0.27.4"
  conditions: os=win32 & cpu=x64
  languageName: node
  linkType: hard

"@kurkle/color@npm:^0.3.0":
  version: 0.3.4
  resolution: "@kurkle/color@npm:0.3.4"
  checksum: 10c0/0e9fd55c614b005c5f0c4c755bca19ec0293bc7513b4ea3ec1725234f9c2fa81afbc78156baf555c8b9cb0d305619253c3f5bca016067daeebb3d00ebb4ea683
  languageName: node
  linkType: hard

"@types/js-yaml@npm:^4.0.9":
  version: 4.0.9
  resolution: "@types/js-yaml@npm:4.0.9"
  checksum: 10c0/24de857aa8d61526bbfbbaa383aa538283ad17363fcd5bb5148e2c7f604547db36646440e739d78241ed008702a8920665d1add5618687b6743858fae00da211
  languageName: node
  linkType: hard

"argparse@npm:^2.0.1":
  version: 2.0.1
  resolution: "argparse@npm:2.0.1"
  checksum: 10c0/c5640c2d89045371c7cedd6a70212a04e360fd34d6edeae32f6952c63949e3525ea77dbec0289d8213a99bbaeab5abfa860b5c12cf88a2e6cf8106e90dd27a7e
  languageName: node
  linkType: hard

"awesome-llm-papers@workspace:.":
  version: 0.0.0-use.local
  resolution: "awesome-llm-papers@workspace:."
  dependencies:
    "@types/js-yaml": "npm:^4.0.9"
    chart.js: "npm:^4.5.1"
    esbuild: "npm:^0.27.4"
    js-yaml: "npm:^4.1.1"
    prettier: "npm:^3.8.1"
    typescript: "npm:^5.9.3"
  languageName: unknown
  linkType: soft

"chart.js@npm:^4.5.1":
  version: 4.5.1
  resolution: "chart.js@npm:4.5.1"
  dependencies:
    "@kurkle/color": "npm:^0.3.0"
  checksum: 10c0/3f2a11dcaae9079e8e6b8ad077e2ae311f04996f9da14815730891e66215ee8b5f2c0eb70b5a156e5bde0f89a41bae13506dc6153e50fd22dcb282b21eec706f
  languageName: node
  linkType: hard

"esbuild@npm:^0.27.4":
  version: 0.27.4
  resolution: "esbuild@npm:0.27.4"
  dependencies:
    "@esbuild/aix-ppc64": "npm:0.27.4"
    "@esbuild/android-arm": "npm:0.27.4"
    "@esbuild/android-arm64": "npm:0.27.4"
    "@esbuild/android-x64": "npm:0.27.4"
    "@esbuild/darwin-arm64": "npm:0.27.4"
    "@esbuild/darwin-x64": "npm:0.27.4"
    "@esbuild/freebsd-arm64": "npm:0.27.4"
    "@esbuild/freebsd-x64": "npm:0.27.4"
    "@esbuild/linux-arm": "npm:0.27.4"
    "@esbuild/linux-arm64": "npm:0.27.4"
    "@esbuild/linux-ia32": "npm:0.27.4"
    "@esbuild/linux-loong64": "npm:0.27.4"
    "@esbuild/linux-mips64el": "npm:0.27.4"
    "@esbuild/linux-ppc64": "npm:0.27.4"
    "@esbuild/linux-riscv64": "npm:0.27.4"
    "@esbuild/linux-s390x": "npm:0.27.4"
    "@esbuild/linux-x64": "npm:0.27.4"
    "@esbuild/netbsd-arm64": "npm:0.27.4"
    "@esbuild/netbsd-x64": "npm:0.27.4"
    "@esbuild/openbsd-arm64": "npm:0.27.4"
    "@esbuild/openbsd-x64": "npm:0.27.4"
    "@esbuild/openharmony-arm64": "npm:0.27.4"
    "@esbuild/sunos-x64": "npm:0.27.4"
    "@esbuild/win32-arm64": "npm:0.27.4"
    "@esbuild/win32-ia32": "npm:0.27.4"
    "@esbuild/win32-x64": "npm:0.27.4"
  dependenciesMeta:
    "@esbuild/aix-ppc64":
      optional: true
    "@esbuild/android-arm":
      optional: true
    "@esbuild/android-arm64":
      optional: true
    "@esbuild/android-x64":
      optional: true
    "@esbuild/darwin-arm64":
      optional: true
    "@esbuild/darwin-x64":
      optional: true
    "@esbuild/freebsd-arm64":
      optional: true
    "@esbuild/freebsd-x64":
      optional: true
    "@esbuild/linux-arm":
      optional: true
    "@esbuild/linux-arm64":
      optional: true
    "@esbuild/linux-ia32":
      optional: true
    "@esbuild/linux-loong64":
      optional: true
    "@esbuild/linux-mips64el":
      optional: true
    "@esbuild/linux-ppc64":
      optional: true
    "@esbuild/linux-riscv64":
      optional: true
    "@esbuild/linux-s390x":
      optional: true
    "@esbuild/linux-x64":
      optional: true
    "@esbuild/netbsd-arm64":
      optional: true
    "@esbuild/netbsd-x64":
      optional: true
    "@esbuild/openbsd-arm64":
      optional: true
    "@esbuild/openbsd-x64":
      optional: true
    "@esbuild/openharmony-arm64":
      optional: true
    "@esbuild/sunos-x64":
      optional: true
    "@esbuild/win32-arm64":
      optional: true
    "@esbuild/win32-ia32":
      optional: true
    "@esbuild/win32-x64":
      optional: true
  bin:
    esbuild: bin/esbuild
  checksum: 10c0/2a1c2bcccda279f2afd72a7f8259860cb4483b32453d17878e1ecb4ac416b9e7c1001e7aa0a25ba4c29c1e250a3ceaae5d8bb72a119815bc8db4e9b5f5321490
  languageName: node
  linkType: hard

"js-yaml@npm:^4.1.1":
  version: 4.1.1
  resolution: "js-yaml@npm:4.1.1"
  dependencies:
    argparse: "npm:^2.0.1"
  bin:
    js-yaml: bin/js-yaml.js
  checksum: 10c0/561c7d7088c40a9bb53cc75becbfb1df6ae49b34b5e6e5a81744b14ae8667ec564ad2527709d1a6e7d5e5fa6d483aa0f373a50ad98d42fde368ec4a190d4fae7
  languageName: node
  linkType: hard

"prettier@npm:^3.8.1":
  version: 3.8.1
  resolution: "prettier@npm:3.8.1"
  bin:
    prettier: bin/prettier.cjs
  checksum: 10c0/33169b594009e48f570471271be7eac7cdcf88a209eed39ac3b8d6d78984039bfa9132f82b7e6ba3b06711f3bfe0222a62a1bfb87c43f50c25a83df1b78a2c42
  languageName: node
  linkType: hard

"typescript@npm:^5.9.3":
  version: 5.9.3
  resolution: "typescript@npm:5.9.3"
  bin:
    tsc: bin/tsc
    tsserver: bin/tsserver
  checksum: 10c0/6bd7552ce39f97e711db5aa048f6f9995b53f1c52f7d8667c1abdc1700c68a76a308f579cd309ce6b53646deb4e9a1be7c813a93baaf0a28ccd536a30270e1c5
  languageName: node
  linkType: hard

"typescript@patch:typescript@npm%3A^5.9.3#optional!builtin<compat/typescript>":
  version: 5.9.3
  resolution: "typescript@patch:typescript@npm%3A5.9.3#optional!builtin<compat/typescript>::version=5.9.3&hash=5786d5"
  bin:
    tsc: bin/tsc
    tsserver: bin/tsserver
  checksum: 10c0/ad09fdf7a756814dce65bc60c1657b40d44451346858eea230e10f2e95a289d9183b6e32e5c11e95acc0ccc214b4f36289dcad4bf1886b0adb84d711d336a430
  languageName: node
  linkType: hard
